
Microsoft Visual Studio Solution File, Format Version 12.00
# Visual Studio Version 17
VisualStudioVersion = 17.14.36616.10 d17.14
MinimumVisualStudioVersion = 10.0.40219.1
Project("{FAE04EC0-301F-11D3-BF4B-00C04F79EFBC}") = "HabbitTracker", "HabbitTracker.csproj", "{F877C63F-53ED-4A80-A621-0B50B372219B}"
EndProject
Global
	GlobalSection(SolutionConfigurationPlatforms) = preSolution
		Debug|Any CPU = Debug|Any CPU
		Release|Any CPU = Release|Any CPU
	EndGlobalSection
	GlobalSection(ProjectConfigurationPlatforms) = postSolution
		{F877C63F-53ED-4A80-A621-0B50B372219B}.Debug|Any CPU.ActiveCfg = Debug|Any CPU
		{F877C63F-53ED-4A80-A621-0B50B372219B}.Debug|Any CPU.Build.0 = Debug|Any CPU
		{F877C63F-53ED-4A80-A621-0B50B372219B}.Release|Any CPU.ActiveCfg = Release|Any CPU
		{F877C63F-53ED-4A80-A621-0B50B372219B}.Release|Any CPU.Build.0 = Release|Any CPU
	EndGlobalSection
	GlobalSection(SolutionProperties) = preSolution
		HideSolutionNode = FALSE
	EndGlobalSection
	GlobalSection(ExtensibilityGlobals) = postSolution
		SolutionGuid = {3F054297-4BD5-4901-A60C-049A6605C258}
	EndGlobalSection
EndGlobal
